
Microsoft Visual Studio Solution File, Format Version 12.00
# Visual Studio Version 17
VisualStudioVersion = 17.0.31919.166
MinimumVisualStudioVersion = 10.0.40219.1
Project("{2150E333-8FDC-42A3-9474-1A3956D46DE8}") = "DotnetariumSCS.Tool", "DotnetariumSCS.Tool", "{25169C5D-7B60-454B-8F79-0DBEFD794792}"
EndProject
Project("{2150E333-8FDC-42A3-9474-1A3956D46DE8}") = ".NET Core", ".NET Core", "{E64EB091-6B68-48AB-9F27-F5D66412F385}"
EndProject
Project("{2150E333-8FDC-42A3-9474-1A3956D46DE8}") = ".NET 4.x", ".NET 4.x", "{4AEA00DB-C7E7-4047-A3B8-9D2B5119B20D}"
EndProject
Project("{9A19103F-16F7-4668-BE54-9A1E7A4F7556}") = "dotnetarium-scan", "DotnetariumSCS.Tool\.NET Core\dotnetarium-scan.csproj", "{45D6A226-F2A4-476F-8D3D-264E4195C073}"
EndProject
Project("{9A19103F-16F7-4668-BE54-9A1E7A4F7556}") = "dotnetarium-scan", "DotnetariumSCS.Tool\.NET 4.x\dotnetarium-scan.csproj", "{D697AA62-A7E1-43F5-ADD3-D691D5C05859}"
EndProject
Project("{2150E333-8FDC-42A3-9474-1A3956D46DE8}") = "Solution Items", "Solution Items", "{CB773D3E-CEC4-45EE-A76C-7CE7C44D88D7}"
	ProjectSection(SolutionItems) = preProject
		Directory.Build.props = Directory.Build.props
	EndProjectSection
EndProject
Global
	GlobalSection(SolutionConfigurationPlatforms) = preSolution
		Debug|Any CPU = Debug|Any CPU
		Debug|arm64 = Debug|arm64
		Debug|x86 = Debug|x86
		Release|Any CPU = Release|Any CPU
		Release|arm64 = Release|arm64
		Release|x86 = Release|x86
	EndGlobalSection
	GlobalSection(ProjectConfigurationPlatforms) = postSolution
		{45D6A226-F2A4-476F-8D3D-264E4195C073}.Debug|Any CPU.ActiveCfg = Debug|Any CPU
		{45D6A226-F2A4-476F-8D3D-264E4195C073}.Debug|Any CPU.Build.0 = Debug|Any CPU
		{45D6A226-F2A4-476F-8D3D-264E4195C073}.Debug|arm64.ActiveCfg = Debug|Any CPU
		{45D6A226-F2A4-476F-8D3D-264E4195C073}.Debug|arm64.Build.0 = Debug|Any CPU
		{45D6A226-F2A4-476F-8D3D-264E4195C073}.Debug|x86.ActiveCfg = Debug|Any CPU
		{45D6A226-F2A4-476F-8D3D-264E4195C073}.Debug|x86.Build.0 = Debug|Any CPU
		{45D6A226-F2A4-476F-8D3D-264E4195C073}.Release|Any CPU.ActiveCfg = Release|Any CPU
		{45D6A226-F2A4-476F-8D3D-264E4195C073}.Release|Any CPU.Build.0 = Release|Any CPU
		{45D6A226-F2A4-476F-8D3D-264E4195C073}.Release|arm64.ActiveCfg = Release|Any CPU
		{45D6A226-F2A4-476F-8D3D-264E4195C073}.Release|arm64.Build.0 = Release|Any CPU
		{45D6A226-F2A4-476F-8D3D-264E4195C073}.Release|x86.ActiveCfg = Release|Any CPU
		{45D6A226-F2A4-476F-8D3D-264E4195C073}.Release|x86.Build.0 = Release|Any CPU
		{D697AA62-A7E1-43F5-ADD3-D691D5C05859}.Debug|Any CPU.ActiveCfg = Debug|Any CPU
		{D697AA62-A7E1-43F5-ADD3-D691D5C05859}.Debug|Any CPU.Build.0 = Debug|Any CPU
		{D697AA62-A7E1-43F5-ADD3-D691D5C05859}.Debug|arm64.ActiveCfg = Debug|Any CPU
		{D697AA62-A7E1-43F5-ADD3-D691D5C05859}.Debug|arm64.Build.0 = Debug|Any CPU
		{D697AA62-A7E1-43F5-ADD3-D691D5C05859}.Debug|x86.ActiveCfg = Debug|Any CPU
		{D697AA62-A7E1-43F5-ADD3-D691D5C05859}.Debug|x86.Build.0 = Debug|Any CPU
		{D697AA62-A7E1-43F5-ADD3-D691D5C05859}.Release|Any CPU.ActiveCfg = Release|Any CPU
		{D697AA62-A7E1-43F5-ADD3-D691D5C05859}.Release|Any CPU.Build.0 = Release|Any CPU
		{D697AA62-A7E1-43F5-ADD3-D691D5C05859}.Release|arm64.ActiveCfg = Release|Any CPU
		{D697AA62-A7E1-43F5-ADD3-D691D5C05859}.Release|arm64.Build.0 = Release|Any CPU
		{D697AA62-A7E1-43F5-ADD3-D691D5C05859}.Release|x86.ActiveCfg = Release|Any CPU
		{D697AA62-A7E1-43F5-ADD3-D691D5C05859}.Release|x86.Build.0 = Release|Any CPU
	EndGlobalSection
	GlobalSection(SolutionProperties) = preSolution
		HideSolutionNode = FALSE
	EndGlobalSection
	GlobalSection(NestedProjects) = preSolution
		{E64EB091-6B68-48AB-9F27-F5D66412F385} = {25169C5D-7B60-454B-8F79-0DBEFD794792}
		{4AEA00DB-C7E7-4047-A3B8-9D2B5119B20D} = {25169C5D-7B60-454B-8F79-0DBEFD794792}
		{45D6A226-F2A4-476F-8D3D-264E4195C073} = {E64EB091-6B68-48AB-9F27-F5D66412F385}
		{D697AA62-A7E1-43F5-ADD3-D691D5C05859} = {4AEA00DB-C7E7-4047-A3B8-9D2B5119B20D}
	EndGlobalSection
	GlobalSection(ExtensibilityGlobals) = postSolution
		SolutionGuid = {4890F503-884C-48F5-982B-41C1DB7472F5}
		EnterpriseLibraryConfigurationToolBinariesPathV6 = packages\EnterpriseLibrary.Common.6.0.1304.0\lib\NET45;packages\EnterpriseLibrary.Data.6.0.1304.0\lib\NET45
	EndGlobalSection
EndGlobal
